// !$*UTF8*$!
{
	archiveVersion = 1;
	classes = {
	};
	objectVersion = 60;
	objects = {

/* Begin PBXBuildFile section */
		5274030C2B7E772700997F80 /* GoogleService-Info.plist in Resources */ = {isa = PBXBuildFile; fileRef = 5274030B2B7E772700997F80 /* GoogleService-Info.plist */; };
		528A356E2B7E6D4F0030D98D /* AppDelegate.swift in Sources */ = {isa = PBXBuildFile; fileRef = 528A356D2B7E6D4F0030D98D /* AppDelegate.swift */; };
		528A35702B7E6D4F0030D98D /* SceneDelegate.swift in Sources */ = {isa = PBXBuildFile; fileRef = 528A356F2B7E6D4F0030D98D /* SceneDelegate.swift */; };
		528A35722B7E6D4F0030D98D /* ViewController.swift in Sources */ = {isa = PBXBuildFile; fileRef = 528A35712B7E6D4F0030D98D /* ViewController.swift */; };
		528A35752B7E6D4F0030D98D /* Main.storyboard in Resources */ = {isa = PBXBuildFile; fileRef = 528A35732B7E6D4F0030D98D /* Main.storyboard */; };
		528A35772B7E6D500030D98D /* Assets.xcassets in Resources */ = {isa = PBXBuildFile; fileRef = 528A35762B7E6D500030D98D /* Assets.xcassets */; };
		528A357A2B7E6D500030D98D /* LaunchScreen.storyboard in Resources */ = {isa = PBXBuildFile; fileRef = 528A35782B7E6D500030D98D /* LaunchScreen.storyboard */; };
		528A35822B7E73D90030D98D /* LoginViewController.swift in Sources */ = {isa = PBXBuildFile; fileRef = 528A35812B7E73D90030D98D /* LoginViewController.swift */; };
		528A35842B7E73EA0030D98D /* SignUpViewController.swift in Sources */ = {isa = PBXBuildFile; fileRef = 528A35832B7E73EA0030D98D /* SignUpViewController.swift */; };
/* End PBXBuildFile section */

/* Begin PBXFileReference section */
		5274030B2B7E772700997F80 /* GoogleService-Info.plist */ = {isa = PBXFileReference; fileEncoding = 4; lastKnownFileType = text.plist.xml; name = "GoogleService-Info.plist"; path = "../../../../../../Downloads/GoogleService-Info.plist"; sourceTree = "<group>"; };
		528A356A2B7E6D4F0030D98D /* LoginAndSiginUp.app */ = {isa = PBXFileReference; explicitFileType = wrapper.application; includeInIndex = 0; path = LoginAndSiginUp.app; sourceTree = BUILT_PRODUCTS_DIR; };
		528A356D2B7E6D4F0030D98D /* AppDelegate.swift */ = {isa = PBXFileReference; lastKnownFileType = sourcecode.swift; path = AppDelegate.swift; sourceTree = "<group>"; };
		528A356F2B7E6D4F0030D98D /* SceneDelegate.swift */ = {isa = PBXFileReference; lastKnownFileType = sourcecode.swift; path = SceneDelegate.swift; sourceTree = "<group>"; };
		528A35712B7E6D4F0030D98D /* ViewController.swift */ = {isa = PBXFileReference; lastKnownFileType = sourcecode.swift; path = ViewController.swift; sourceTree = "<group>"; };
		528A35742B7E6D4F0030D98D /* Base */ = {isa = PBXFileReference; lastKnownFileType = file.storyboard; name = Base; path = Base.lproj/Main.storyboard; sourceTree = "<group>"; };
		528A35762B7E6D500030D98D /* Assets.xcassets */ = {isa = PBXFileReference; lastKnownFileType = folder.assetcatalog; path = Assets.xcassets; sourceTree = "<group>"; };
		528A35792B7E6D500030D98D /* Base */ = {isa = PBXFileReference; lastKnownFileType = file.storyboard; name = Base; path = Base.lproj/LaunchScreen.storyboard; sourceTree = "<group>"; };
		528A357B2B7E6D500030D98D /* Info.plist */ = {isa = PBXFileReference; lastKnownFileType = text.plist.xml; path = Info.plist; sourceTree = "<group>"; };
		528A35812B7E73D90030D98D /* LoginViewController.swift */ = {isa = PBXFileReference; lastKnownFileType = sourcecode.swift; path = LoginViewController.swift; sourceTree = "<group>"; };
		528A35832B7E73EA0030D98D /* SignUpViewController.swift */ = {isa = PBXFileReference; lastKnownFileType = sourcecode.swift; path = SignUpViewController.swift; sourceTree = "<group>"; };
/* End PBXFileReference section */

/* Begin PBXFrameworksBuildPhase section */
		528A35672B7E6D4F0030D98D /* Frameworks */ = {
			isa = PBXFrameworksBuildPhase;
			buildActionMask = 2147483647;
			files = (
			);
			runOnlyForDeploymentPostprocessing = 0;
		};
/* End PBXFrameworksBuildPhase section */

/* Begin PBXGroup section */
		528A35612B7E6D4F0030D98D = {
			isa = PBXGroup;
			children = (
				528A356C2B7E6D4F0030D98D /* LoginAndSiginUp */,
				528A356B2B7E6D4F0030D98D /* Products */,
			);
			sourceTree = "<group>";
		};
		528A356B2B7E6D4F0030D98D /* Products */ = {
			isa = PBXGroup;
			children = (
				528A356A2B7E6D4F0030D98D /* LoginAndSiginUp.app */,
			);
			name = Products;
			sourceTree = "<group>";
		};
		528A356C2B7E6D4F0030D98D /* LoginAndSiginUp */ = {
			isa = PBXGroup;
			children = (
				528A356D2B7E6D4F0030D98D /* AppDelegate.swift */,
				528A356F2B7E6D4F0030D98D /* SceneDelegate.swift */,
				528A35712B7E6D4F0030D98D /* ViewController.swift */,
				528A35732B7E6D4F0030D98D /* Main.storyboard */,
				528A35812B7E73D90030D98D /* LoginViewController.swift */,
				528A35832B7E73EA0030D98D /* SignUpViewController.swift */,
				528A35762B7E6D500030D98D /* Assets.xcassets */,
				528A35782B7E6D500030D98D /* LaunchScreen.storyboard */,
				528A357B2B7E6D500030D98D /* Info.plist */,
				5274030B2B7E772700997F80 /* GoogleService-Info.plist */,
			);
			path = LoginAndSiginUp;
			sourceTree = "<group>";
		};
/* End PBXGroup section */

/* Begin PBXNativeTarget section */
		528A35692B7E6D4F0030D98D /* LoginAndSiginUp */ = {
			isa = PBXNativeTarget;
			buildConfigurationList = 528A357E2B7E6D500030D98D /* Build configuration list for PBXNativeTarget "LoginAndSiginUp" */;
			buildPhases = (
				528A35662B7E6D4F0030D98D /* Sources */,
				528A35672B7E6D4F0030D98D /* Frameworks */,
				528A35682B7E6D4F0030D98D /* Resources */,
			);
			buildRules = (
			);
			dependencies = (
			);
			name = LoginAndSiginUp;
			packageProductDependencies = (
			);
			productName = LoginAndSiginUp;
			productReference = 528A356A2B7E6D4F0030D98D /* LoginAndSiginUp.app */;
			productType = "com.apple.product-type.application";
		};
/* End PBXNativeTarget section */

/* Begin PBXProject section */
		528A35622B7E6D4F0030D98D /* Project object */ = {
			isa = PBXProject;
			attributes = {
				BuildIndependentTargetsInParallel = 1;
				LastSwiftUpdateCheck = 1510;
				LastUpgradeCheck = 1510;
				TargetAttributes = {
					528A35692B7E6D4F0030D98D = {
						CreatedOnToolsVersion = 15.1;
					};
				};
			};
			buildConfigurationList = 528A35652B7E6D4F0030D98D /* Build configuration list for PBXProject "LoginAndSiginUp" */;
			compatibilityVersion = "Xcode 14.0";
			developmentRegion = en;
			hasScannedForEncodings = 0;
			knownRegions = (
				en,
				Base,
			);
			mainGroup = 528A35612B7E6D4F0030D98D;
			packageReferences = (
				5274030D2B7E7F9300997F80 /* XCRemoteSwiftPackageReference "firebase-ios-sdk" */,
				520C0CF72B7E89E000E85813 /* XCLocalSwiftPackageReference "../../../../../Downloads/firebase-ios-sdk-main" */,
			);
			productRefGroup = 528A356B2B7E6D4F0030D98D /* Products */;
			projectDirPath = "";
			projectRoot = "";
			targets = (
				528A35692B7E6D4F0030D98D /* LoginAndSiginUp */,
			);
		};
/* End PBXProject section */

/* Begin PBXResourcesBuildPhase section */
		528A35682B7E6D4F0030D98D /* Resources */ = {
			isa = PBXResourcesBuildPhase;
			buildActionMask = 2147483647;
			files = (
				528A357A2B7E6D500030D98D /* LaunchScreen.storyboard in Resources */,
				5274030C2B7E772700997F80 /* GoogleService-Info.plist in Resources */,
				528A35772B7E6D500030D98D /* Assets.xcassets in Resources */,
				528A35752B7E6D4F0030D98D /* Main.storyboard in Resources */,
			);
			runOnlyForDeploymentPostprocessing = 0;
		};
/* End PBXResourcesBuildPhase section */

/* Begin PBXSourcesBuildPhase section */
		528A35662B7E6D4F0030D98D /* Sources */ = {
			isa = PBXSourcesBuildPhase;
			buildActionMask = 2147483647;
			files = (
				528A35822B7E73D90030D98D /* LoginViewController.swift in Sources */,
				528A35722B7E6D4F0030D98D /* ViewController.swift in Sources */,
				528A356E2B7E6D4F0030D98D /* AppDelegate.swift in Sources */,
				528A35702B7E6D4F0030D98D /* SceneDelegate.swift in Sources */,
				528A35842B7E73EA0030D98D /* SignUpViewController.swift in Sources */,
			);
			runOnlyForDeploymentPostprocessing = 0;
		};
/* End PBXSourcesBuildPhase section */

/* Begin PBXVariantGroup section */
		528A35732B7E6D4F0030D98D /* Main.storyboard */ = {
			isa = PBXVariantGroup;
			children = (
				528A35742B7E6D4F0030D98D /* Base */,
			);
			name = Main.storyboard;
			sourceTree = "<group>";
		};
		528A35782B7E6D500030D98D /* LaunchScreen.storyboard */ = {
			isa = PBXVariantGroup;
			children = (
				528A35792B7E6D500030D98D /* Base */,
			);
			name = LaunchScreen.storyboard;
			sourceTree = "<group>";
		};
/* End PBXVariantGroup section */

/* Begin XCBuildConfiguration section */
		528A357C2B7E6D500030D98D /* Debug */ = {
			isa = XCBuildConfiguration;
			buildSettings = {
				ALWAYS_SEARCH_USER_PATHS = NO;
				ASSETCATALOG_COMPILER_GENERATE_SWIFT_ASSET_SYMBOL_EXTENSIONS = YES;
				CLANG_ANALYZER_NONNULL = YES;
				CLANG_ANALYZER_NUMBER_OBJECT_CONVERSION = YES_AGGRESSIVE;
				CLANG_CXX_LANGUAGE_STANDARD = "gnu++20";
				CLANG_ENABLE_MODULES = YES;
				CLANG_ENABLE_OBJC_ARC = YES;
				CLANG_ENABLE_OBJC_WEAK = YES;
				CLANG_WARN_BLOCK_CAPTURE_AUTORELEASING = YES;
				CLANG_WARN_BOOL_CONVERSION = YES;
				CLANG_WARN_COMMA = YES;
				CLANG_WARN_CONSTANT_CONVERSION = YES;
				CLANG_WARN_DEPRECATED_OBJC_IMPLEMENTATIONS = YES;
				CLANG_WARN_DIRECT_OBJC_ISA_USAGE = YES_ERROR;
				CLANG_WARN_DOCUMENTATION_COMMENTS = YES;
				CLANG_WARN_EMPTY_BODY = YES;
				CLANG_WARN_ENUM_CONVERSION = YES;
				CLANG_WARN_INFINITE_RECURSION = YES;
				CLANG_WARN_INT_CONVERSION = YES;
				CLANG_WARN_NON_LITERAL_NULL_CONVERSION = YES;
				CLANG_WARN_OBJC_IMPLICIT_RETAIN_SELF = YES;
				CLANG_WARN_OBJC_LITERAL_CONVERSION = YES;
				CLANG_WARN_OBJC_ROOT_CLASS = YES_ERROR;
				CLANG_WARN_QUOTED_INCLUDE_IN_FRAMEWORK_HEADER = YES;
				CLANG_WARN_RANGE_LOOP_ANALYSIS = YES;
				CLANG_WARN_STRICT_PROTOTYPES = YES;
				CLANG_WARN_SUSPICIOUS_MOVE = YES;
				CLANG_WARN_UNGUARDED_AVAILABILITY = YES_AGGRESSIVE;
				CLANG_WARN_UNREACHABLE_CODE = YES;
				CLANG_WARN__DUPLICATE_METHOD_MATCH = YES;
				COPY_PHASE_STRIP = NO;
				DEBUG_INFORMATION_FORMAT = dwarf;
				ENABLE_STRICT_OBJC_MSGSEND = YES;
				ENABLE_TESTABILITY = YES;
				ENABLE_USER_SCRIPT_SANDBOXING = YES;
				GCC_C_LANGUAGE_STANDARD = gnu17;
				GCC_DYNAMIC_NO_PIC = NO;
				GCC_NO_COMMON_BLOCKS = YES;
				GCC_OPTIMIZATION_LEVEL = 0;
				GCC_PREPROCESSOR_DEFINITIONS = (
					"DEBUG=1",
					"$(inherited)",
				);
				GCC_WARN_64_TO_32_BIT_CONVERSION = YES;
				GCC_WARN_ABOUT_RETURN_TYPE = YES_ERROR;
				GCC_WARN_UNDECLARED_SELECTOR = YES;
				GCC_WARN_UNINITIALIZED_AUTOS = YES_AGGRESSIVE;
				GCC_WARN_UNUSED_FUNCTION = YES;
				GCC_WARN_UNUSED_VARIABLE = YES;
				IPHONEOS_DEPLOYMENT_TARGET = 17.2;
				LOCALIZATION_PREFERS_STRING_CATALOGS = YES;
				MTL_ENABLE_DEBUG_INFO = INCLUDE_SOURCE;
				MTL_FAST_MATH = YES;
				ONLY_ACTIVE_ARCH = YES;
				SDKROOT = iphoneos;
				SWIFT_ACTIVE_COMPILATION_CONDITIONS = "DEBUG $(inherited)";
				SWIFT_OPTIMIZATION_LEVEL = "-Onone";
			};
			name = Debug;
		};
		528A357D2B7E6D500030D98D /* Release */ = {
			isa = XCBuildConfiguration;
			buildSettings = {
				ALWAYS_SEARCH_USER_PATHS = NO;
				ASSETCATALOG_COMPILER_GENERATE_SWIFT_ASSET_SYMBOL_EXTENSIONS = YES;
				CLANG_ANALYZER_NONNULL = YES;
				CLANG_ANALYZER_NUMBER_OBJECT_CONVERSION = YES_AGGRESSIVE;
				CLANG_CXX_LANGUAGE_STANDARD = "gnu++20";
				CLANG_ENABLE_MODULES = YES;
				CLANG_ENABLE_OBJC_ARC = YES;
				CLANG_ENABLE_OBJC_WEAK = YES;
				CLANG_WARN_BLOCK_CAPTURE_AUTORELEASING = YES;
				CLANG_WARN_BOOL_CONVERSION = YES;
				CLANG_WARN_COMMA = YES;
				CLANG_WARN_CONSTANT_CONVERSION = YES;
				CLANG_WARN_DEPRECATED_OBJC_IMPLEMENTATIONS = YES;
				CLANG_WARN_DIRECT_OBJC_ISA_USAGE = YES_ERROR;
				CLANG_WARN_DOCUMENTATION_COMMENTS = YES;
				CLANG_WARN_EMPTY_BODY = YES;
				CLANG_WARN_ENUM_CONVERSION = YES;
				CLANG_WARN_INFINITE_RECURSION = YES;
				CLANG_WARN_INT_CONVERSION = YES;
				CLANG_WARN_NON_LITERAL_NULL_CONVERSION = YES;
				CLANG_WARN_OBJC_IMPLICIT_RETAIN_SELF = YES;
				CLANG_WARN_OBJC_LITERAL_CONVERSION = YES;
				CLANG_WARN_OBJC_ROOT_CLASS = YES_ERROR;
				CLANG_WARN_QUOTED_INCLUDE_IN_FRAMEWORK_HEADER = YES;
				CLANG_WARN_RANGE_LOOP_ANALYSIS = YES;
				CLANG_WARN_STRICT_PROTOTYPES = YES;
				CLANG_WARN_SUSPICIOUS_MOVE = YES;
				CLANG_WARN_UNGUARDED_AVAILABILITY = YES_AGGRESSIVE;
				CLANG_WARN_UNREACHABLE_CODE = YES;
				CLANG_WARN__DUPLICATE_METHOD_MATCH = YES;
				COPY_PHASE_STRIP = NO;
				DEBUG_INFORMATION_FORMAT = "dwarf-with-dsym";
				ENABLE_NS_ASSERTIONS = NO;
				ENABLE_STRICT_OBJC_MSGSEND = YES;
				ENABLE_USER_SCRIPT_SANDBOXING = YES;
				GCC_C_LANGUAGE_STANDARD = gnu17;
				GCC_NO_COMMON_BLOCKS = YES;
				GCC_WARN_64_TO_32_BIT_CONVERSION = YES;
				GCC_WARN_ABOUT_RETURN_TYPE = YES_ERROR;
				GCC_WARN_UNDECLARED_SELECTOR = YES;
				GCC_WARN_UNINITIALIZED_AUTOS = YES_AGGRESSIVE;
				GCC_WARN_UNUSED_FUNCTION = YES;
				GCC_WARN_UNUSED_VARIABLE = YES;
				IPHONEOS_DEPLOYMENT_TARGET = 17.2;
				LOCALIZATION_PREFERS_STRING_CATALOGS = YES;
				MTL_ENABLE_DEBUG_INFO = NO;
				MTL_FAST_MATH = YES;
				SDKROOT = iphoneos;
				SWIFT_COMPILATION_MODE = wholemodule;
				VALIDATE_PRODUCT = YES;
			};
			name = Release;
		};
		528A357F2B7E6D500030D98D /* Debug */ = {
			isa = XCBuildConfiguration;
			buildSettings = {
				ASSETCATALOG_COMPILER_APPICON_NAME = AppIcon;
				ASSETCATALOG_COMPILER_GLOBAL_ACCENT_COLOR_NAME = AccentColor;
				CODE_SIGN_STYLE = Automatic;
				CURRENT_PROJECT_VERSION = 1;
				GENERATE_INFOPLIST_FILE = YES;
				INFOPLIST_FILE = LoginAndSiginUp/Info.plist;
				INFOPLIST_KEY_UIApplicationSupportsIndirectInputEvents = YES;
				INFOPLIST_KEY_UILaunchStoryboardName = LaunchScreen;
				INFOPLIST_KEY_UIMainStoryboardFile = Main;
				INFOPLIST_KEY_UISupportedInterfaceOrientations_iPad = "UIInterfaceOrientationPortrait UIInterfaceOrientationPortraitUpsideDown UIInterfaceOrientationLandscapeLeft UIInterfaceOrientationLandscapeRight";
				INFOPLIST_KEY_UISupportedInterfaceOrientations_iPhone = "UIInterfaceOrientationPortrait UIInterfaceOrientationLandscapeLeft UIInterfaceOrientationLandscapeRight";
				IPHONEOS_DEPLOYMENT_TARGET = 17;
				LD_RUNPATH_SEARCH_PATHS = (
					"$(inherited)",
					"@executable_path/Frameworks",
				);
				MARKETING_VERSION = 1.0;
				PRODUCT_BUNDLE_IDENTIFIER = learn.ustadev.uz.LoginAndSiginUp;
				PRODUCT_NAME = "$(TARGET_NAME)";
				SWIFT_EMIT_LOC_STRINGS = YES;
				SWIFT_VERSION = 5.0;
				TARGETED_DEVICE_FAMILY = "1,2";
			};
			name = Debug;
		};
		528A35802B7E6D500030D98D /* Release */ = {
			isa = XCBuildConfiguration;
			buildSettings = {
				ASSETCATALOG_COMPILER_APPICON_NAME = AppIcon;
				ASSETCATALOG_COMPILER_GLOBAL_ACCENT_COLOR_NAME = AccentColor;
				CODE_SIGN_STYLE = Automatic;
				CURRENT_PROJECT_VERSION = 1;
				GENERATE_INFOPLIST_FILE = YES;
				INFOPLIST_FILE = LoginAndSiginUp/Info.plist;
				INFOPLIST_KEY_UIApplicationSupportsIndirectInputEvents = YES;
				INFOPLIST_KEY_UILaunchStoryboardName = LaunchScreen;
				INFOPLIST_KEY_UIMainStoryboardFile = Main;
				INFOPLIST_KEY_UISupportedInterfaceOrientations_iPad = "UIInterfaceOrientationPortrait UIInterfaceOrientationPortraitUpsideDown UIInterfaceOrientationLandscapeLeft UIInterfaceOrientationLandscapeRight";
				INFOPLIST_KEY_UISupportedInterfaceOrientations_iPhone = "UIInterfaceOrientationPortrait UIInterfaceOrientationLandscapeLeft UIInterfaceOrientationLandscapeRight";
				IPHONEOS_DEPLOYMENT_TARGET = 17;
				LD_RUNPATH_SEARCH_PATHS = (
					"$(inherited)",
					"@executable_path/Frameworks",
				);
				MARKETING_VERSION = 1.0;
				PRODUCT_BUNDLE_IDENTIFIER = learn.ustadev.uz.LoginAndSiginUp;
				PRODUCT_NAME = "$(TARGET_NAME)";
				SWIFT_EMIT_LOC_STRINGS = YES;
				SWIFT_VERSION = 5.0;
				TARGETED_DEVICE_FAMILY = "1,2";
			};
			name = Release;
		};
/* End XCBuildConfiguration section */

/* Begin XCConfigurationList section */
		528A35652B7E6D4F0030D98D /* Build configuration list for PBXProject "LoginAndSiginUp" */ = {
			isa = XCConfigurationList;
			buildConfigurations = (
				528A357C2B7E6D500030D98D /* Debug */,
				528A357D2B7E6D500030D98D /* Release */,
			);
			defaultConfigurationIsVisible = 0;
			defaultConfigurationName = Release;
		};
		528A357E2B7E6D500030D98D /* Build configuration list for PBXNativeTarget "LoginAndSiginUp" */ = {
			isa = XCConfigurationList;
			buildConfigurations = (
				528A357F2B7E6D500030D98D /* Debug */,
				528A35802B7E6D500030D98D /* Release */,
			);
			defaultConfigurationIsVisible = 0;
			defaultConfigurationName = Release;
		};
/* End XCConfigurationList section */

/* Begin XCLocalSwiftPackageReference section */
		520C0CF72B7E89E000E85813 /* XCLocalSwiftPackageReference "../../../../../Downloads/firebase-ios-sdk-main" */ = {
			isa = XCLocalSwiftPackageReference;
			relativePath = "../../../../../Downloads/firebase-ios-sdk-main";
		};
/* End XCLocalSwiftPackageReference section */

/* Begin XCRemoteSwiftPackageReference section */
		5274030D2B7E7F9300997F80 /* XCRemoteSwiftPackageReference "firebase-ios-sdk" */ = {
			isa = XCRemoteSwiftPackageReference;
			repositoryURL = "https://github.com/firebase/firebase-ios-sdk";
			requirement = {
				kind = upToNextMajorVersion;
				minimumVersion = 10.21.0;
			};
		};
/* End XCRemoteSwiftPackageReference section */
	};
	rootObject = 528A35622B7E6D4F0030D98D /* Project object */;
}
