// !$*UTF8*$!
{
	archiveVersion = 1;
	classes = {
	};
	objectVersion = 56;
	objects = {

/* Begin PBXBuildFile section */
		522296112B6B6E630052082A /* WeatherListTableViewCell.swift in Sources */ = {isa = PBXBuildFile; fileRef = 522296102B6B6E630052082A /* WeatherListTableViewCell.swift */; };
		5252C5F72B61773700EC941D /* AppDelegate.swift in Sources */ = {isa = PBXBuildFile; fileRef = 5252C5F62B61773700EC941D /* AppDelegate.swift */; };
		5252C5F92B61773700EC941D /* SceneDelegate.swift in Sources */ = {isa = PBXBuildFile; fileRef = 5252C5F82B61773700EC941D /* SceneDelegate.swift */; };
		5252C5FB2B61773700EC941D /* ViewController.swift in Sources */ = {isa = PBXBuildFile; fileRef = 5252C5FA2B61773700EC941D /* ViewController.swift */; };
		5252C5FE2B61773700EC941D /* Main.storyboard in Resources */ = {isa = PBXBuildFile; fileRef = 5252C5FC2B61773700EC941D /* Main.storyboard */; };
		5252C6002B61773800EC941D /* Assets.xcassets in Resources */ = {isa = PBXBuildFile; fileRef = 5252C5FF2B61773800EC941D /* Assets.xcassets */; };
		5252C6032B61773800EC941D /* LaunchScreen.storyboard in Resources */ = {isa = PBXBuildFile; fileRef = 5252C6012B61773800EC941D /* LaunchScreen.storyboard */; };
		5252C60C2B617C8600EC941D /* AddViewController.swift in Sources */ = {isa = PBXBuildFile; fileRef = 5252C60B2B617C8600EC941D /* AddViewController.swift */; };
		5252C60E2B617CA400EC941D /* DetailViewController.swift in Sources */ = {isa = PBXBuildFile; fileRef = 5252C60D2B617CA400EC941D /* DetailViewController.swift */; };
		5252C6102B617CC700EC941D /* SettingsViewController.swift in Sources */ = {isa = PBXBuildFile; fileRef = 5252C60F2B617CC700EC941D /* SettingsViewController.swift */; };
		5252C6142B61800300EC941D /* WeatherData.swift in Sources */ = {isa = PBXBuildFile; fileRef = 5252C6132B61800300EC941D /* WeatherData.swift */; };
		5252C6162B61803600EC941D /* NetworkingManager.swift in Sources */ = {isa = PBXBuildFile; fileRef = 5252C6152B61803600EC941D /* NetworkingManager.swift */; };
		52DE91922B6B387F00AFBA92 /* WebService.swift in Sources */ = {isa = PBXBuildFile; fileRef = 52DE91912B6B387F00AFBA92 /* WebService.swift */; };
		52DF38EC2B7FBB340046479B /* TableViewDataSource.swift in Sources */ = {isa = PBXBuildFile; fileRef = 52DF38EB2B7FBB340046479B /* TableViewDataSource.swift */; };
/* End PBXBuildFile section */

/* Begin PBXFileReference section */
		522296102B6B6E630052082A /* WeatherListTableViewCell.swift */ = {isa = PBXFileReference; lastKnownFileType = sourcecode.swift; path = WeatherListTableViewCell.swift; sourceTree = "<group>"; };
		5252C5F32B61773700EC941D /* weatherapp.app */ = {isa = PBXFileReference; explicitFileType = wrapper.application; includeInIndex = 0; path = weatherapp.app; sourceTree = BUILT_PRODUCTS_DIR; };
		5252C5F62B61773700EC941D /* AppDelegate.swift */ = {isa = PBXFileReference; lastKnownFileType = sourcecode.swift; path = AppDelegate.swift; sourceTree = "<group>"; };
		5252C5F82B61773700EC941D /* SceneDelegate.swift */ = {isa = PBXFileReference; lastKnownFileType = sourcecode.swift; path = SceneDelegate.swift; sourceTree = "<group>"; };
		5252C5FA2B61773700EC941D /* ViewController.swift */ = {isa = PBXFileReference; lastKnownFileType = sourcecode.swift; path = ViewController.swift; sourceTree = "<group>"; };
		5252C5FD2B61773700EC941D /* Base */ = {isa = PBXFileReference; lastKnownFileType = file.storyboard; name = Base; path = Base.lproj/Main.storyboard; sourceTree = "<group>"; };
		5252C5FF2B61773800EC941D /* Assets.xcassets */ = {isa = PBXFileReference; lastKnownFileType = folder.assetcatalog; path = Assets.xcassets; sourceTree = "<group>"; };
		5252C6022B61773800EC941D /* Base */ = {isa = PBXFileReference; lastKnownFileType = file.storyboard; name = Base; path = Base.lproj/LaunchScreen.storyboard; sourceTree = "<group>"; };
		5252C6042B61773800EC941D /* Info.plist */ = {isa = PBXFileReference; lastKnownFileType = text.plist.xml; path = Info.plist; sourceTree = "<group>"; };
		5252C60B2B617C8600EC941D /* AddViewController.swift */ = {isa = PBXFileReference; lastKnownFileType = sourcecode.swift; path = AddViewController.swift; sourceTree = "<group>"; };
		5252C60D2B617CA400EC941D /* DetailViewController.swift */ = {isa = PBXFileReference; lastKnownFileType = sourcecode.swift; path = DetailViewController.swift; sourceTree = "<group>"; };
		5252C60F2B617CC700EC941D /* SettingsViewController.swift */ = {isa = PBXFileReference; lastKnownFileType = sourcecode.swift; path = SettingsViewController.swift; sourceTree = "<group>"; };
		5252C6132B61800300EC941D /* WeatherData.swift */ = {isa = PBXFileReference; lastKnownFileType = sourcecode.swift; path = WeatherData.swift; sourceTree = "<group>"; };
		5252C6152B61803600EC941D /* NetworkingManager.swift */ = {isa = PBXFileReference; lastKnownFileType = sourcecode.swift; path = NetworkingManager.swift; sourceTree = "<group>"; };
		52DE91912B6B387F00AFBA92 /* WebService.swift */ = {isa = PBXFileReference; lastKnownFileType = sourcecode.swift; path = WebService.swift; sourceTree = "<group>"; };
		52DF38EB2B7FBB340046479B /* TableViewDataSource.swift */ = {isa = PBXFileReference; lastKnownFileType = sourcecode.swift; path = TableViewDataSource.swift; sourceTree = "<group>"; };
/* End PBXFileReference section */

/* Begin PBXFrameworksBuildPhase section */
		5252C5F02B61773700EC941D /* Frameworks */ = {
			isa = PBXFrameworksBuildPhase;
			buildActionMask = 2147483647;
			files = (
			);
			runOnlyForDeploymentPostprocessing = 0;
		};
/* End PBXFrameworksBuildPhase section */

/* Begin PBXGroup section */
		5222960F2B6B6E2E0052082A /* cell */ = {
			isa = PBXGroup;
			children = (
				522296102B6B6E630052082A /* WeatherListTableViewCell.swift */,
			);
			path = cell;
			sourceTree = "<group>";
		};
		5252C5EA2B61773700EC941D = {
			isa = PBXGroup;
			children = (
				5252C5F52B61773700EC941D /* weatherapp */,
				5252C5F42B61773700EC941D /* Products */,
			);
			sourceTree = "<group>";
		};
		5252C5F42B61773700EC941D /* Products */ = {
			isa = PBXGroup;
			children = (
				5252C5F32B61773700EC941D /* weatherapp.app */,
			);
			name = Products;
			sourceTree = "<group>";
		};
		5252C5F52B61773700EC941D /* weatherapp */ = {
			isa = PBXGroup;
			children = (
				5252C6122B617FC700EC941D /* networking */,
				5252C6112B617FBD00EC941D /* model */,
				5252C60A2B617C2100EC941D /* controllers */,
				5252C5F62B61773700EC941D /* AppDelegate.swift */,
				5252C5F82B61773700EC941D /* SceneDelegate.swift */,
				5252C5FC2B61773700EC941D /* Main.storyboard */,
				5252C5FF2B61773800EC941D /* Assets.xcassets */,
				5252C6012B61773800EC941D /* LaunchScreen.storyboard */,
				5252C6042B61773800EC941D /* Info.plist */,
				52DF38EA2B7FBAFA0046479B /* Helpers */,
			);
			path = weatherapp;
			sourceTree = "<group>";
		};
		5252C60A2B617C2100EC941D /* controllers */ = {
			isa = PBXGroup;
			children = (
				5222960F2B6B6E2E0052082A /* cell */,
				5252C5FA2B61773700EC941D /* ViewController.swift */,
				5252C60B2B617C8600EC941D /* AddViewController.swift */,
				5252C60D2B617CA400EC941D /* DetailViewController.swift */,
				5252C60F2B617CC700EC941D /* SettingsViewController.swift */,
			);
			path = controllers;
			sourceTree = "<group>";
		};
		5252C6112B617FBD00EC941D /* model */ = {
			isa = PBXGroup;
			children = (
				5252C6132B61800300EC941D /* WeatherData.swift */,
			);
			path = model;
			sourceTree = "<group>";
		};
		5252C6122B617FC700EC941D /* networking */ = {
			isa = PBXGroup;
			children = (
				5252C6152B61803600EC941D /* NetworkingManager.swift */,
				52DE91912B6B387F00AFBA92 /* WebService.swift */,
			);
			path = networking;
			sourceTree = "<group>";
		};
		52DF38EA2B7FBAFA0046479B /* Helpers */ = {
			isa = PBXGroup;
			children = (
				52DF38EB2B7FBB340046479B /* TableViewDataSource.swift */,
			);
			path = Helpers;
			sourceTree = "<group>";
		};
/* End PBXGroup section */

/* Begin PBXNativeTarget section */
		5252C5F22B61773700EC941D /* weatherapp */ = {
			isa = PBXNativeTarget;
			buildConfigurationList = 5252C6072B61773800EC941D /* Build configuration list for PBXNativeTarget "weatherapp" */;
			buildPhases = (
				5252C5EF2B61773700EC941D /* Sources */,
				5252C5F02B61773700EC941D /* Frameworks */,
				5252C5F12B61773700EC941D /* Resources */,
			);
			buildRules = (
			);
			dependencies = (
			);
			name = weatherapp;
			productName = weatherapp;
			productReference = 5252C5F32B61773700EC941D /* weatherapp.app */;
			productType = "com.apple.product-type.application";
		};
/* End PBXNativeTarget section */

/* Begin PBXProject section */
		5252C5EB2B61773700EC941D /* Project object */ = {
			isa = PBXProject;
			attributes = {
				BuildIndependentTargetsInParallel = 1;
				LastSwiftUpdateCheck = 1510;
				LastUpgradeCheck = 1510;
				TargetAttributes = {
					5252C5F22B61773700EC941D = {
						CreatedOnToolsVersion = 15.1;
					};
				};
			};
			buildConfigurationList = 5252C5EE2B61773700EC941D /* Build configuration list for PBXProject "weatherapp" */;
			compatibilityVersion = "Xcode 14.0";
			developmentRegion = en;
			hasScannedForEncodings = 0;
			knownRegions = (
				en,
				Base,
			);
			mainGroup = 5252C5EA2B61773700EC941D;
			productRefGroup = 5252C5F42B61773700EC941D /* Products */;
			projectDirPath = "";
			projectRoot = "";
			targets = (
				5252C5F22B61773700EC941D /* weatherapp */,
			);
		};
/* End PBXProject section */

/* Begin PBXResourcesBuildPhase section */
		5252C5F12B61773700EC941D /* Resources */ = {
			isa = PBXResourcesBuildPhase;
			buildActionMask = 2147483647;
			files = (
				5252C6032B61773800EC941D /* LaunchScreen.storyboard in Resources */,
				5252C6002B61773800EC941D /* Assets.xcassets in Resources */,
				5252C5FE2B61773700EC941D /* Main.storyboard in Resources */,
			);
			runOnlyForDeploymentPostprocessing = 0;
		};
/* End PBXResourcesBuildPhase section */

/* Begin PBXSourcesBuildPhase section */
		5252C5EF2B61773700EC941D /* Sources */ = {
			isa = PBXSourcesBuildPhase;
			buildActionMask = 2147483647;
			files = (
				52DE91922B6B387F00AFBA92 /* WebService.swift in Sources */,
				52DF38EC2B7FBB340046479B /* TableViewDataSource.swift in Sources */,
				5252C5FB2B61773700EC941D /* ViewController.swift in Sources */,
				5252C5F72B61773700EC941D /* AppDelegate.swift in Sources */,
				5252C6142B61800300EC941D /* WeatherData.swift in Sources */,
				522296112B6B6E630052082A /* WeatherListTableViewCell.swift in Sources */,
				5252C60E2B617CA400EC941D /* DetailViewController.swift in Sources */,
				5252C60C2B617C8600EC941D /* AddViewController.swift in Sources */,
				5252C6162B61803600EC941D /* NetworkingManager.swift in Sources */,
				5252C5F92B61773700EC941D /* SceneDelegate.swift in Sources */,
				5252C6102B617CC700EC941D /* SettingsViewController.swift in Sources */,
			);
			runOnlyForDeploymentPostprocessing = 0;
		};
/* End PBXSourcesBuildPhase section */

/* Begin PBXVariantGroup section */
		5252C5FC2B61773700EC941D /* Main.storyboard */ = {
			isa = PBXVariantGroup;
			children = (
				5252C5FD2B61773700EC941D /* Base */,
			);
			name = Main.storyboard;
			sourceTree = "<group>";
		};
		5252C6012B61773800EC941D /* LaunchScreen.storyboard */ = {
			isa = PBXVariantGroup;
			children = (
				5252C6022B61773800EC941D /* Base */,
			);
			name = LaunchScreen.storyboard;
			sourceTree = "<group>";
		};
/* End PBXVariantGroup section */

/* Begin XCBuildConfiguration section */
		5252C6052B61773800EC941D /* Debug */ = {
			isa = XCBuildConfiguration;
			buildSettings = {
				ALWAYS_SEARCH_USER_PATHS = NO;
				ASSETCATALOG_COMPILER_GENERATE_SWIFT_ASSET_SYMBOL_EXTENSIONS = YES;
				CLANG_ANALYZER_NONNULL = YES;
				CLANG_ANALYZER_NUMBER_OBJECT_CONVERSION = YES_AGGRESSIVE;
				CLANG_CXX_LANGUAGE_STANDARD = "gnu++20";
				CLANG_ENABLE_MODULES = YES;
				CLANG_ENABLE_OBJC_ARC = YES;
				CLANG_ENABLE_OBJC_WEAK = YES;
				CLANG_WARN_BLOCK_CAPTURE_AUTORELEASING = YES;
				CLANG_WARN_BOOL_CONVERSION = YES;
				CLANG_WARN_COMMA = YES;
				CLANG_WARN_CONSTANT_CONVERSION = YES;
				CLANG_WARN_DEPRECATED_OBJC_IMPLEMENTATIONS = YES;
				CLANG_WARN_DIRECT_OBJC_ISA_USAGE = YES_ERROR;
				CLANG_WARN_DOCUMENTATION_COMMENTS = YES;
				CLANG_WARN_EMPTY_BODY = YES;
				CLANG_WARN_ENUM_CONVERSION = YES;
				CLANG_WARN_INFINITE_RECURSION = YES;
				CLANG_WARN_INT_CONVERSION = YES;
				CLANG_WARN_NON_LITERAL_NULL_CONVERSION = YES;
				CLANG_WARN_OBJC_IMPLICIT_RETAIN_SELF = YES;
				CLANG_WARN_OBJC_LITERAL_CONVERSION = YES;
				CLANG_WARN_OBJC_ROOT_CLASS = YES_ERROR;
				CLANG_WARN_QUOTED_INCLUDE_IN_FRAMEWORK_HEADER = YES;
				CLANG_WARN_RANGE_LOOP_ANALYSIS = YES;
				CLANG_WARN_STRICT_PROTOTYPES = YES;
				CLANG_WARN_SUSPICIOUS_MOVE = YES;
				CLANG_WARN_UNGUARDED_AVAILABILITY = YES_AGGRESSIVE;
				CLANG_WARN_UNREACHABLE_CODE = YES;
				CLANG_WARN__DUPLICATE_METHOD_MATCH = YES;
				COPY_PHASE_STRIP = NO;
				DEBUG_INFORMATION_FORMAT = dwarf;
				ENABLE_STRICT_OBJC_MSGSEND = YES;
				ENABLE_TESTABILITY = YES;
				ENABLE_USER_SCRIPT_SANDBOXING = YES;
				GCC_C_LANGUAGE_STANDARD = gnu17;
				GCC_DYNAMIC_NO_PIC = NO;
				GCC_NO_COMMON_BLOCKS = YES;
				GCC_OPTIMIZATION_LEVEL = 0;
				GCC_PREPROCESSOR_DEFINITIONS = (
					"DEBUG=1",
					"$(inherited)",
				);
				GCC_WARN_64_TO_32_BIT_CONVERSION = YES;
				GCC_WARN_ABOUT_RETURN_TYPE = YES_ERROR;
				GCC_WARN_UNDECLARED_SELECTOR = YES;
				GCC_WARN_UNINITIALIZED_AUTOS = YES_AGGRESSIVE;
				GCC_WARN_UNUSED_FUNCTION = YES;
				GCC_WARN_UNUSED_VARIABLE = YES;
				IPHONEOS_DEPLOYMENT_TARGET = 17.2;
				LOCALIZATION_PREFERS_STRING_CATALOGS = YES;
				MTL_ENABLE_DEBUG_INFO = INCLUDE_SOURCE;
				MTL_FAST_MATH = YES;
				ONLY_ACTIVE_ARCH = YES;
				SDKROOT = iphoneos;
				SWIFT_ACTIVE_COMPILATION_CONDITIONS = "DEBUG $(inherited)";
				SWIFT_OPTIMIZATION_LEVEL = "-Onone";
			};
			name = Debug;
		};
		5252C6062B61773800EC941D /* Release */ = {
			isa = XCBuildConfiguration;
			buildSettings = {
				ALWAYS_SEARCH_USER_PATHS = NO;
				ASSETCATALOG_COMPILER_GENERATE_SWIFT_ASSET_SYMBOL_EXTENSIONS = YES;
				CLANG_ANALYZER_NONNULL = YES;
				CLANG_ANALYZER_NUMBER_OBJECT_CONVERSION = YES_AGGRESSIVE;
				CLANG_CXX_LANGUAGE_STANDARD = "gnu++20";
				CLANG_ENABLE_MODULES = YES;
				CLANG_ENABLE_OBJC_ARC = YES;
				CLANG_ENABLE_OBJC_WEAK = YES;
				CLANG_WARN_BLOCK_CAPTURE_AUTORELEASING = YES;
				CLANG_WARN_BOOL_CONVERSION = YES;
				CLANG_WARN_COMMA = YES;
				CLANG_WARN_CONSTANT_CONVERSION = YES;
				CLANG_WARN_DEPRECATED_OBJC_IMPLEMENTATIONS = YES;
				CLANG_WARN_DIRECT_OBJC_ISA_USAGE = YES_ERROR;
				CLANG_WARN_DOCUMENTATION_COMMENTS = YES;
				CLANG_WARN_EMPTY_BODY = YES;
				CLANG_WARN_ENUM_CONVERSION = YES;
				CLANG_WARN_INFINITE_RECURSION = YES;
				CLANG_WARN_INT_CONVERSION = YES;
				CLANG_WARN_NON_LITERAL_NULL_CONVERSION = YES;
				CLANG_WARN_OBJC_IMPLICIT_RETAIN_SELF = YES;
				CLANG_WARN_OBJC_LITERAL_CONVERSION = YES;
				CLANG_WARN_OBJC_ROOT_CLASS = YES_ERROR;
				CLANG_WARN_QUOTED_INCLUDE_IN_FRAMEWORK_HEADER = YES;
				CLANG_WARN_RANGE_LOOP_ANALYSIS = YES;
				CLANG_WARN_STRICT_PROTOTYPES = YES;
				CLANG_WARN_SUSPICIOUS_MOVE = YES;
				CLANG_WARN_UNGUARDED_AVAILABILITY = YES_AGGRESSIVE;
				CLANG_WARN_UNREACHABLE_CODE = YES;
				CLANG_WARN__DUPLICATE_METHOD_MATCH = YES;
				COPY_PHASE_STRIP = NO;
				DEBUG_INFORMATION_FORMAT = "dwarf-with-dsym";
				ENABLE_NS_ASSERTIONS = NO;
				ENABLE_STRICT_OBJC_MSGSEND = YES;
				ENABLE_USER_SCRIPT_SANDBOXING = YES;
				GCC_C_LANGUAGE_STANDARD = gnu17;
				GCC_NO_COMMON_BLOCKS = YES;
				GCC_WARN_64_TO_32_BIT_CONVERSION = YES;
				GCC_WARN_ABOUT_RETURN_TYPE = YES_ERROR;
				GCC_WARN_UNDECLARED_SELECTOR = YES;
				GCC_WARN_UNINITIALIZED_AUTOS = YES_AGGRESSIVE;
				GCC_WARN_UNUSED_FUNCTION = YES;
				GCC_WARN_UNUSED_VARIABLE = YES;
				IPHONEOS_DEPLOYMENT_TARGET = 17.2;
				LOCALIZATION_PREFERS_STRING_CATALOGS = YES;
				MTL_ENABLE_DEBUG_INFO = NO;
				MTL_FAST_MATH = YES;
				SDKROOT = iphoneos;
				SWIFT_COMPILATION_MODE = wholemodule;
				VALIDATE_PRODUCT = YES;
			};
			name = Release;
		};
		5252C6082B61773800EC941D /* Debug */ = {
			isa = XCBuildConfiguration;
			buildSettings = {
				ASSETCATALOG_COMPILER_APPICON_NAME = AppIcon;
				ASSETCATALOG_COMPILER_GLOBAL_ACCENT_COLOR_NAME = AccentColor;
				CODE_SIGN_STYLE = Automatic;
				CURRENT_PROJECT_VERSION = 1;
				GENERATE_INFOPLIST_FILE = YES;
				INFOPLIST_FILE = weatherapp/Info.plist;
				INFOPLIST_KEY_UIApplicationSupportsIndirectInputEvents = YES;
				INFOPLIST_KEY_UILaunchStoryboardName = LaunchScreen;
				INFOPLIST_KEY_UIMainStoryboardFile = Main;
				INFOPLIST_KEY_UISupportedInterfaceOrientations_iPad = "UIInterfaceOrientationPortrait UIInterfaceOrientationPortraitUpsideDown UIInterfaceOrientationLandscapeLeft UIInterfaceOrientationLandscapeRight";
				INFOPLIST_KEY_UISupportedInterfaceOrientations_iPhone = "UIInterfaceOrientationPortrait UIInterfaceOrientationLandscapeLeft UIInterfaceOrientationLandscapeRight";
				LD_RUNPATH_SEARCH_PATHS = (
					"$(inherited)",
					"@executable_path/Frameworks",
				);
				MARKETING_VERSION = 1.0;
				PRODUCT_BUNDLE_IDENTIFIER = learn.ustadev.uz.weatherapp;
				PRODUCT_NAME = "$(TARGET_NAME)";
				SWIFT_EMIT_LOC_STRINGS = YES;
				SWIFT_VERSION = 5.0;
				TARGETED_DEVICE_FAMILY = "1,2";
			};
			name = Debug;
		};
		5252C6092B61773800EC941D /* Release */ = {
			isa = XCBuildConfiguration;
			buildSettings = {
				ASSETCATALOG_COMPILER_APPICON_NAME = AppIcon;
				ASSETCATALOG_COMPILER_GLOBAL_ACCENT_COLOR_NAME = AccentColor;
				CODE_SIGN_STYLE = Automatic;
				CURRENT_PROJECT_VERSION = 1;
				GENERATE_INFOPLIST_FILE = YES;
				INFOPLIST_FILE = weatherapp/Info.plist;
				INFOPLIST_KEY_UIApplicationSupportsIndirectInputEvents = YES;
				INFOPLIST_KEY_UILaunchStoryboardName = LaunchScreen;
				INFOPLIST_KEY_UIMainStoryboardFile = Main;
				INFOPLIST_KEY_UISupportedInterfaceOrientations_iPad = "UIInterfaceOrientationPortrait UIInterfaceOrientationPortraitUpsideDown UIInterfaceOrientationLandscapeLeft UIInterfaceOrientationLandscapeRight";
				INFOPLIST_KEY_UISupportedInterfaceOrientations_iPhone = "UIInterfaceOrientationPortrait UIInterfaceOrientationLandscapeLeft UIInterfaceOrientationLandscapeRight";
				LD_RUNPATH_SEARCH_PATHS = (
					"$(inherited)",
					"@executable_path/Frameworks",
				);
				MARKETING_VERSION = 1.0;
				PRODUCT_BUNDLE_IDENTIFIER = learn.ustadev.uz.weatherapp;
				PRODUCT_NAME = "$(TARGET_NAME)";
				SWIFT_EMIT_LOC_STRINGS = YES;
				SWIFT_VERSION = 5.0;
				TARGETED_DEVICE_FAMILY = "1,2";
			};
			name = Release;
		};
/* End XCBuildConfiguration section */

/* Begin XCConfigurationList section */
		5252C5EE2B61773700EC941D /* Build configuration list for PBXProject "weatherapp" */ = {
			isa = XCConfigurationList;
			buildConfigurations = (
				5252C6052B61773800EC941D /* Debug */,
				5252C6062B61773800EC941D /* Release */,
			);
			defaultConfigurationIsVisible = 0;
			defaultConfigurationName = Release;
		};
		5252C6072B61773800EC941D /* Build configuration list for PBXNativeTarget "weatherapp" */ = {
			isa = XCConfigurationList;
			buildConfigurations = (
				5252C6082B61773800EC941D /* Debug */,
				5252C6092B61773800EC941D /* Release */,
			);
			defaultConfigurationIsVisible = 0;
			defaultConfigurationName = Release;
		};
/* End XCConfigurationList section */
	};
	rootObject = 5252C5EB2B61773700EC941D /* Project object */;
}
